
Microsoft Visual Studio Solution File, Format Version 12.00
# Visual Studio 15
VisualStudioVersion = 15.0.26430.16
MinimumVisualStudioVersion = 10.0.40219.1
Project("{FAE04EC0-301F-11D3-BF4B-00C04F79EFBC}") = "YuanBo.K3.Interface", "YuanBo.K3.Interface\YuanBo.K3.Interface.csproj", "{411615F5-65DB-4C20-9CB8-9F6F56E69063}"
EndProject
Project("{FAE04EC0-301F-11D3-BF4B-00C04F79EFBC}") = "ConsoleApp1", "ConsoleApp1\ConsoleApp1.csproj", "{CDE30D98-6620-472D-907D-52C0DD919816}"
EndProject
Global
	GlobalSection(SolutionConfigurationPlatforms) = preSolution
		Debug|Any CPU = Debug|Any CPU
		Release|Any CPU = Release|Any CPU
	EndGlobalSection
	GlobalSection(ProjectConfigurationPlatforms) = postSolution
		{411615F5-65DB-4C20-9CB8-9F6F56E69063}.Debug|Any CPU.ActiveCfg = Debug|Any CPU
		{411615F5-65DB-4C20-9CB8-9F6F56E69063}.Debug|Any CPU.Build.0 = Debug|Any CPU
		{411615F5-65DB-4C20-9CB8-9F6F56E69063}.Release|Any CPU.ActiveCfg = Release|Any CPU
		{411615F5-65DB-4C20-9CB8-9F6F56E69063}.Release|Any CPU.Build.0 = Release|Any CPU
		{CDE30D98-6620-472D-907D-52C0DD919816}.Debug|Any CPU.ActiveCfg = Debug|Any CPU
		{CDE30D98-6620-472D-907D-52C0DD919816}.Debug|Any CPU.Build.0 = Debug|Any CPU
		{CDE30D98-6620-472D-907D-52C0DD919816}.Release|Any CPU.ActiveCfg = Release|Any CPU
		{CDE30D98-6620-472D-907D-52C0DD919816}.Release|Any CPU.Build.0 = Release|Any CPU
	EndGlobalSection
	GlobalSection(SolutionProperties) = preSolution
		HideSolutionNode = FALSE
	EndGlobalSection
EndGlobal
